Microsoft Visual Studio Solution File, Format Version 12.00
# Visual Studio Version 17
VisualStudioVersion = 17.13.35806.99
MinimumVisualStudioVersion = 10.0.40219.1
Project("{FAE04EC0-301F-11D3-BF4B-00C04F79EFBC}") = "Doctor", "Doctor\Doctor.csproj", "{B974DE25-47D6-4993-8B2A-6432F5A422DC}"
EndProject
Global
	GlobalSection(SolutionConfigurationPlatforms) = preSolution
		Debug|Any CPU = Debug|Any CPU
		Release|Any CPU = Release|Any CPU
	EndGlobalSection
	GlobalSection(ProjectConfigurationPlatforms) = postSolution
		{B974DE25-47D6-4993-8B2A-6432F5A422DC}.Debug|Any CPU.ActiveCfg = Debug|Any CPU
		{B974DE25-47D6-4993-8B2A-6432F5A422DC}.Debug|Any CPU.Build.0 = Debug|Any CPU
		{B974DE25-47D6-4993-8B2A-6432F5A422DC}.Release|Any CPU.ActiveCfg = Release|Any CPU
		{B974DE25-47D6-4993-8B2A-6432F5A422DC}.Release|Any CPU.Build.0 = Release|Any CPU
	EndGlobalSection
	GlobalSection(SolutionProperties) = preSolution
		HideSolutionNode = FALSE
	EndGlobalSection
	GlobalSection(ExtensibilityGlobals) = postSolution
		SolutionGuid = {A32D0815-F557-44DC-995F-9EA136B7C84D}
	EndGlobalSection
EndGlobal
